// !$*UTF8*$!
{
	archiveVersion = 1;
	classes = {
	};
	objectVersion = 56;
	objects = {

/* Begin PBXBuildFile section */
		FD51C7232B6FCD72001F9E06 /* AppDelegate.swift in Sources */ = {isa = PBXBuildFile; fileRef = FD51C7222B6FCD72001F9E06 /* AppDelegate.swift */; };
		FD51C7252B6FCD72001F9E06 /* SceneDelegate.swift in Sources */ = {isa = PBXBuildFile; fileRef = FD51C7242B6FCD72001F9E06 /* SceneDelegate.swift */; };
		FD51C7272B6FCD72001F9E06 /* ViewController.swift in Sources */ = {isa = PBXBuildFile; fileRef = FD51C7262B6FCD72001F9E06 /* ViewController.swift */; };
		FD51C72A2B6FCD72001F9E06 /* Main.storyboard in Resources */ = {isa = PBXBuildFile; fileRef = FD51C7282B6FCD72001F9E06 /* Main.storyboard */; };
		FD51C72C2B6FCD73001F9E06 /* Assets.xcassets in Resources */ = {isa = PBXBuildFile; fileRef = FD51C72B2B6FCD73001F9E06 /* Assets.xcassets */; };
		FD51C72F2B6FCD73001F9E06 /* LaunchScreen.storyboard in Resources */ = {isa = PBXBuildFile; fileRef = FD51C72D2B6FCD73001F9E06 /* LaunchScreen.storyboard */; };
		FD51C73E2B6FD13E001F9E06 /* BreakfastCollectionViewCell.swift in Sources */ = {isa = PBXBuildFile; fileRef = FD51C73C2B6FD13E001F9E06 /* BreakfastCollectionViewCell.swift */; };
		FD51C73F2B6FD13E001F9E06 /* BreakfastCollectionViewCell.xib in Resources */ = {isa = PBXBuildFile; fileRef = FD51C73D2B6FD13E001F9E06 /* BreakfastCollectionViewCell.xib */; };
		FD51C7442B6FD7CE001F9E06 /* BreakfastCell.swift in Sources */ = {isa = PBXBuildFile; fileRef = FD51C7422B6FD7CE001F9E06 /* BreakfastCell.swift */; };
		FD51C7452B6FD7CE001F9E06 /* BreakfastCell.xib in Resources */ = {isa = PBXBuildFile; fileRef = FD51C7432B6FD7CE001F9E06 /* BreakfastCell.xib */; };
		FD51C7482B6FE148001F9E06 /* SavouryCell.swift in Sources */ = {isa = PBXBuildFile; fileRef = FD51C7462B6FE148001F9E06 /* SavouryCell.swift */; };
		FD51C7492B6FE148001F9E06 /* SavouryCell.xib in Resources */ = {isa = PBXBuildFile; fileRef = FD51C7472B6FE148001F9E06 /* SavouryCell.xib */; };
		FD51C74C2B6FFA63001F9E06 /* SavouryCollectionViewCell.swift in Sources */ = {isa = PBXBuildFile; fileRef = FD51C74A2B6FFA63001F9E06 /* SavouryCollectionViewCell.swift */; };
		FD51C74D2B6FFA63001F9E06 /* SavouryCollectionViewCell.xib in Resources */ = {isa = PBXBuildFile; fileRef = FD51C74B2B6FFA63001F9E06 /* SavouryCollectionViewCell.xib */; };
		FD51C7502B700EDE001F9E06 /* MealCollectionViewCell.swift in Sources */ = {isa = PBXBuildFile; fileRef = FD51C74E2B700EDE001F9E06 /* MealCollectionViewCell.swift */; };
		FD51C7512B700EDE001F9E06 /* MealCollectionViewCell.xib in Resources */ = {isa = PBXBuildFile; fileRef = FD51C74F2B700EDE001F9E06 /* MealCollectionViewCell.xib */; };
		FDDE5BBB2B700FE100E146B9 /* MealCell.swift in Sources */ = {isa = PBXBuildFile; fileRef = FDDE5BB92B700FE100E146B9 /* MealCell.swift */; };
		FDDE5BBC2B700FE100E146B9 /* MealCell.xib in Resources */ = {isa = PBXBuildFile; fileRef = FDDE5BBA2B700FE100E146B9 /* MealCell.xib */; };
		FDDE5BC12B70167E00E146B9 /* MenuModel.swift in Sources */ = {isa = PBXBuildFile; fileRef = FDDE5BC02B70167E00E146B9 /* MenuModel.swift */; };
/* End PBXBuildFile section */

/* Begin PBXFileReference section */
		FD51C71F2B6FCD72001F9E06 /* NestedCollectionView.app */ = {isa = PBXFileReference; explicitFileType = wrapper.application; includeInIndex = 0; path = NestedCollectionView.app; sourceTree = BUILT_PRODUCTS_DIR; };
		FD51C7222B6FCD72001F9E06 /* AppDelegate.swift */ = {isa = PBXFileReference; lastKnownFileType = sourcecode.swift; path = AppDelegate.swift; sourceTree = "<group>"; };
		FD51C7242B6FCD72001F9E06 /* SceneDelegate.swift */ = {isa = PBXFileReference; lastKnownFileType = sourcecode.swift; path = SceneDelegate.swift; sourceTree = "<group>"; };
		FD51C7262B6FCD72001F9E06 /* ViewController.swift */ = {isa = PBXFileReference; lastKnownFileType = sourcecode.swift; path = ViewController.swift; sourceTree = "<group>"; };
		FD51C7292B6FCD72001F9E06 /* Base */ = {isa = PBXFileReference; lastKnownFileType = file.storyboard; name = Base; path = Base.lproj/Main.storyboard; sourceTree = "<group>"; };
		FD51C72B2B6FCD73001F9E06 /* Assets.xcassets */ = {isa = PBXFileReference; lastKnownFileType = folder.assetcatalog; path = Assets.xcassets; sourceTree = "<group>"; };
		FD51C72E2B6FCD73001F9E06 /* Base */ = {isa = PBXFileReference; lastKnownFileType = file.storyboard; name = Base; path = Base.lproj/LaunchScreen.storyboard; sourceTree = "<group>"; };
		FD51C7302B6FCD73001F9E06 /* Info.plist */ = {isa = PBXFileReference; lastKnownFileType = text.plist.xml; path = Info.plist; sourceTree = "<group>"; };
		FD51C73C2B6FD13E001F9E06 /* BreakfastCollectionViewCell.swift */ = {isa = PBXFileReference; lastKnownFileType = sourcecode.swift; path = BreakfastCollectionViewCell.swift; sourceTree = "<group>"; };
		FD51C73D2B6FD13E001F9E06 /* BreakfastCollectionViewCell.xib */ = {isa = PBXFileReference; lastKnownFileType = file.xib; path = BreakfastCollectionViewCell.xib; sourceTree = "<group>"; };
		FD51C7422B6FD7CE001F9E06 /* BreakfastCell.swift */ = {isa = PBXFileReference; lastKnownFileType = sourcecode.swift; path = BreakfastCell.swift; sourceTree = "<group>"; };
		FD51C7432B6FD7CE001F9E06 /* BreakfastCell.xib */ = {isa = PBXFileReference; lastKnownFileType = file.xib; path = BreakfastCell.xib; sourceTree = "<group>"; };
		FD51C7462B6FE148001F9E06 /* SavouryCell.swift */ = {isa = PBXFileReference; lastKnownFileType = sourcecode.swift; path = SavouryCell.swift; sourceTree = "<group>"; };
		FD51C7472B6FE148001F9E06 /* SavouryCell.xib */ = {isa = PBXFileReference; lastKnownFileType = file.xib; path = SavouryCell.xib; sourceTree = "<group>"; };
		FD51C74A2B6FFA63001F9E06 /* SavouryCollectionViewCell.swift */ = {isa = PBXFileReference; lastKnownFileType = sourcecode.swift; path = SavouryCollectionViewCell.swift; sourceTree = "<group>"; };
		FD51C74B2B6FFA63001F9E06 /* SavouryCollectionViewCell.xib */ = {isa = PBXFileReference; lastKnownFileType = file.xib; path = SavouryCollectionViewCell.xib; sourceTree = "<group>"; };
		FD51C74E2B700EDE001F9E06 /* MealCollectionViewCell.swift */ = {isa = PBXFileReference; lastKnownFileType = sourcecode.swift; path = MealCollectionViewCell.swift; sourceTree = "<group>"; };
		FD51C74F2B700EDE001F9E06 /* MealCollectionViewCell.xib */ = {isa = PBXFileReference; lastKnownFileType = file.xib; path = MealCollectionViewCell.xib; sourceTree = "<group>"; };
		FDDE5BB92B700FE100E146B9 /* MealCell.swift */ = {isa = PBXFileReference; lastKnownFileType = sourcecode.swift; path = MealCell.swift; sourceTree = "<group>"; };
		FDDE5BBA2B700FE100E146B9 /* MealCell.xib */ = {isa = PBXFileReference; lastKnownFileType = file.xib; path = MealCell.xib; sourceTree = "<group>"; };
		FDDE5BC02B70167E00E146B9 /* MenuModel.swift */ = {isa = PBXFileReference; lastKnownFileType = sourcecode.swift; path = MenuModel.swift; sourceTree = "<group>"; };
/* End PBXFileReference section */

/* Begin PBXFrameworksBuildPhase section */
		FD51C71C2B6FCD72001F9E06 /* Frameworks */ = {
			isa = PBXFrameworksBuildPhase;
			buildActionMask = 2147483647;
			files = (
			);
			runOnlyForDeploymentPostprocessing = 0;
		};
/* End PBXFrameworksBuildPhase section */

/* Begin PBXGroup section */
		FD51C7162B6FCD72001F9E06 = {
			isa = PBXGroup;
			children = (
				FD51C7212B6FCD72001F9E06 /* NestedCollectionView */,
				FD51C7202B6FCD72001F9E06 /* Products */,
			);
			sourceTree = "<group>";
		};
		FD51C7202B6FCD72001F9E06 /* Products */ = {
			isa = PBXGroup;
			children = (
				FD51C71F2B6FCD72001F9E06 /* NestedCollectionView.app */,
			);
			name = Products;
			sourceTree = "<group>";
		};
		FD51C7212B6FCD72001F9E06 /* NestedCollectionView */ = {
			isa = PBXGroup;
			children = (
				FD51C7222B6FCD72001F9E06 /* AppDelegate.swift */,
				FD51C7242B6FCD72001F9E06 /* SceneDelegate.swift */,
				FD51C7262B6FCD72001F9E06 /* ViewController.swift */,
				FDDE5BBD2B70163900E146B9 /* Model */,
				FD51C7402B6FD56A001F9E06 /* TableviewCells */,
				FD51C7412B6FD79C001F9E06 /* CollectionViewCell */,
				FD51C7282B6FCD72001F9E06 /* Main.storyboard */,
				FD51C72B2B6FCD73001F9E06 /* Assets.xcassets */,
				FD51C72D2B6FCD73001F9E06 /* LaunchScreen.storyboard */,
				FD51C7302B6FCD73001F9E06 /* Info.plist */,
			);
			path = NestedCollectionView;
			sourceTree = "<group>";
		};
		FD51C7402B6FD56A001F9E06 /* TableviewCells */ = {
			isa = PBXGroup;
			children = (
				FD51C7422B6FD7CE001F9E06 /* BreakfastCell.swift */,
				FD51C7432B6FD7CE001F9E06 /* BreakfastCell.xib */,
				FD51C7462B6FE148001F9E06 /* SavouryCell.swift */,
				FD51C7472B6FE148001F9E06 /* SavouryCell.xib */,
				FDDE5BB92B700FE100E146B9 /* MealCell.swift */,
				FDDE5BBA2B700FE100E146B9 /* MealCell.xib */,
			);
			path = TableviewCells;
			sourceTree = "<group>";
		};
		FD51C7412B6FD79C001F9E06 /* CollectionViewCell */ = {
			isa = PBXGroup;
			children = (
				FD51C73C2B6FD13E001F9E06 /* BreakfastCollectionViewCell.swift */,
				FD51C73D2B6FD13E001F9E06 /* BreakfastCollectionViewCell.xib */,
				FD51C74A2B6FFA63001F9E06 /* SavouryCollectionViewCell.swift */,
				FD51C74B2B6FFA63001F9E06 /* SavouryCollectionViewCell.xib */,
				FD51C74E2B700EDE001F9E06 /* MealCollectionViewCell.swift */,
				FD51C74F2B700EDE001F9E06 /* MealCollectionViewCell.xib */,
			);
			path = CollectionViewCell;
			sourceTree = "<group>";
		};
		FDDE5BBD2B70163900E146B9 /* Model */ = {
			isa = PBXGroup;
			children = (
				FDDE5BC02B70167E00E146B9 /* MenuModel.swift */,
			);
			path = Model;
			sourceTree = "<group>";
		};
/* End PBXGroup section */

/* Begin PBXNativeTarget section */
		FD51C71E2B6FCD72001F9E06 /* NestedCollectionView */ = {
			isa = PBXNativeTarget;
			buildConfigurationList = FD51C7332B6FCD73001F9E06 /* Build configuration list for PBXNativeTarget "NestedCollectionView" */;
			buildPhases = (
				FD51C71B2B6FCD72001F9E06 /* Sources */,
				FD51C71C2B6FCD72001F9E06 /* Frameworks */,
				FD51C71D2B6FCD72001F9E06 /* Resources */,
			);
			buildRules = (
			);
			dependencies = (
			);
			name = NestedCollectionView;
			productName = NestedCollectionView;
			productReference = FD51C71F2B6FCD72001F9E06 /* NestedCollectionView.app */;
			productType = "com.apple.product-type.application";
		};
/* End PBXNativeTarget section */

/* Begin PBXProject section */
		FD51C7172B6FCD72001F9E06 /* Project object */ = {
			isa = PBXProject;
			attributes = {
				BuildIndependentTargetsInParallel = 1;
				LastSwiftUpdateCheck = 1520;
				LastUpgradeCheck = 1520;
				TargetAttributes = {
					FD51C71E2B6FCD72001F9E06 = {
						CreatedOnToolsVersion = 15.2;
					};
				};
			};
			buildConfigurationList = FD51C71A2B6FCD72001F9E06 /* Build configuration list for PBXProject "NestedCollectionView" */;
			compatibilityVersion = "Xcode 14.0";
			developmentRegion = en;
			hasScannedForEncodings = 0;
			knownRegions = (
				en,
				Base,
			);
			mainGroup = FD51C7162B6FCD72001F9E06;
			productRefGroup = FD51C7202B6FCD72001F9E06 /* Products */;
			projectDirPath = "";
			projectRoot = "";
			targets = (
				FD51C71E2B6FCD72001F9E06 /* NestedCollectionView */,
			);
		};
/* End PBXProject section */

/* Begin PBXResourcesBuildPhase section */
		FD51C71D2B6FCD72001F9E06 /* Resources */ = {
			isa = PBXResourcesBuildPhase;
			buildActionMask = 2147483647;
			files = (
				FDDE5BBC2B700FE100E146B9 /* MealCell.xib in Resources */,
				FD51C73F2B6FD13E001F9E06 /* BreakfastCollectionViewCell.xib in Resources */,
				FD51C7512B700EDE001F9E06 /* MealCollectionViewCell.xib in Resources */,
				FD51C74D2B6FFA63001F9E06 /* SavouryCollectionViewCell.xib in Resources */,
				FD51C72F2B6FCD73001F9E06 /* LaunchScreen.storyboard in Resources */,
				FD51C72C2B6FCD73001F9E06 /* Assets.xcassets in Resources */,
				FD51C7452B6FD7CE001F9E06 /* BreakfastCell.xib in Resources */,
				FD51C72A2B6FCD72001F9E06 /* Main.storyboard in Resources */,
				FD51C7492B6FE148001F9E06 /* SavouryCell.xib in Resources */,
			);
			runOnlyForDeploymentPostprocessing = 0;
		};
/* End PBXResourcesBuildPhase section */

/* Begin PBXSourcesBuildPhase section */
		FD51C71B2B6FCD72001F9E06 /* Sources */ = {
			isa = PBXSourcesBuildPhase;
			buildActionMask = 2147483647;
			files = (
				FD51C7272B6FCD72001F9E06 /* ViewController.swift in Sources */,
				FD51C7482B6FE148001F9E06 /* SavouryCell.swift in Sources */,
				FDDE5BC12B70167E00E146B9 /* MenuModel.swift in Sources */,
				FD51C7232B6FCD72001F9E06 /* AppDelegate.swift in Sources */,
				FDDE5BBB2B700FE100E146B9 /* MealCell.swift in Sources */,
				FD51C73E2B6FD13E001F9E06 /* BreakfastCollectionViewCell.swift in Sources */,
				FD51C74C2B6FFA63001F9E06 /* SavouryCollectionViewCell.swift in Sources */,
				FD51C7502B700EDE001F9E06 /* MealCollectionViewCell.swift in Sources */,
				FD51C7252B6FCD72001F9E06 /* SceneDelegate.swift in Sources */,
				FD51C7442B6FD7CE001F9E06 /* BreakfastCell.swift in Sources */,
			);
			runOnlyForDeploymentPostprocessing = 0;
		};
/* End PBXSourcesBuildPhase section */

/* Begin PBXVariantGroup section */
		FD51C7282B6FCD72001F9E06 /* Main.storyboard */ = {
			isa = PBXVariantGroup;
			children = (
				FD51C7292B6FCD72001F9E06 /* Base */,
			);
			name = Main.storyboard;
			sourceTree = "<group>";
		};
		FD51C72D2B6FCD73001F9E06 /* LaunchScreen.storyboard */ = {
			isa = PBXVariantGroup;
			children = (
				FD51C72E2B6FCD73001F9E06 /* Base */,
			);
			name = LaunchScreen.storyboard;
			sourceTree = "<group>";
		};
/* End PBXVariantGroup section */

/* Begin XCBuildConfiguration section */
		FD51C7312B6FCD73001F9E06 /* Debug */ = {
			isa = XCBuildConfiguration;
			buildSettings = {
				ALWAYS_SEARCH_USER_PATHS = NO;
				ASSETCATALOG_COMPILER_GENERATE_SWIFT_ASSET_SYMBOL_EXTENSIONS = YES;
				CLANG_ANALYZER_NONNULL = YES;
				CLANG_ANALYZER_NUMBER_OBJECT_CONVERSION = YES_AGGRESSIVE;
				CLANG_CXX_LANGUAGE_STANDARD = "gnu++20";
				CLANG_ENABLE_MODULES = YES;
				CLANG_ENABLE_OBJC_ARC = YES;
				CLANG_ENABLE_OBJC_WEAK = YES;
				CLANG_WARN_BLOCK_CAPTURE_AUTORELEASING = YES;
				CLANG_WARN_BOOL_CONVERSION = YES;
				CLANG_WARN_COMMA = YES;
				CLANG_WARN_CONSTANT_CONVERSION = YES;
				CLANG_WARN_DEPRECATED_OBJC_IMPLEMENTATIONS = YES;
				CLANG_WARN_DIRECT_OBJC_ISA_USAGE = YES_ERROR;
				CLANG_WARN_DOCUMENTATION_COMMENTS = YES;
				CLANG_WARN_EMPTY_BODY = YES;
				CLANG_WARN_ENUM_CONVERSION = YES;
				CLANG_WARN_INFINITE_RECURSION = YES;
				CLANG_WARN_INT_CONVERSION = YES;
				CLANG_WARN_NON_LITERAL_NULL_CONVERSION = YES;
				CLANG_WARN_OBJC_IMPLICIT_RETAIN_SELF = YES;
				CLANG_WARN_OBJC_LITERAL_CONVERSION = YES;
				CLANG_WARN_OBJC_ROOT_CLASS = YES_ERROR;
				CLANG_WARN_QUOTED_INCLUDE_IN_FRAMEWORK_HEADER = YES;
				CLANG_WARN_RANGE_LOOP_ANALYSIS = YES;
				CLANG_WARN_STRICT_PROTOTYPES = YES;
				CLANG_WARN_SUSPICIOUS_MOVE = YES;
				CLANG_WARN_UNGUARDED_AVAILABILITY = YES_AGGRESSIVE;
				CLANG_WARN_UNREACHABLE_CODE = YES;
				CLANG_WARN__DUPLICATE_METHOD_MATCH = YES;
				COPY_PHASE_STRIP = NO;
				DEBUG_INFORMATION_FORMAT = dwarf;
				ENABLE_STRICT_OBJC_MSGSEND = YES;
				ENABLE_TESTABILITY = YES;
				ENABLE_USER_SCRIPT_SANDBOXING = YES;
				GCC_C_LANGUAGE_STANDARD = gnu17;
				GCC_DYNAMIC_NO_PIC = NO;
				GCC_NO_COMMON_BLOCKS = YES;
				GCC_OPTIMIZATION_LEVEL = 0;
				GCC_PREPROCESSOR_DEFINITIONS = (
					"DEBUG=1",
					"$(inherited)",
				);
				GCC_WARN_64_TO_32_BIT_CONVERSION = YES;
				GCC_WARN_ABOUT_RETURN_TYPE = YES_ERROR;
				GCC_WARN_UNDECLARED_SELECTOR = YES;
				GCC_WARN_UNINITIALIZED_AUTOS = YES_AGGRESSIVE;
				GCC_WARN_UNUSED_FUNCTION = YES;
				GCC_WARN_UNUSED_VARIABLE = YES;
				IPHONEOS_DEPLOYMENT_TARGET = 17.2;
				LOCALIZATION_PREFERS_STRING_CATALOGS = YES;
				MTL_ENABLE_DEBUG_INFO = INCLUDE_SOURCE;
				MTL_FAST_MATH = YES;
				ONLY_ACTIVE_ARCH = YES;
				SDKROOT = iphoneos;
				SWIFT_ACTIVE_COMPILATION_CONDITIONS = "DEBUG $(inherited)";
				SWIFT_OPTIMIZATION_LEVEL = "-Onone";
			};
			name = Debug;
		};
		FD51C7322B6FCD73001F9E06 /* Release */ = {
			isa = XCBuildConfiguration;
			buildSettings = {
				ALWAYS_SEARCH_USER_PATHS = NO;
				ASSETCATALOG_COMPILER_GENERATE_SWIFT_ASSET_SYMBOL_EXTENSIONS = YES;
				CLANG_ANALYZER_NONNULL = YES;
				CLANG_ANALYZER_NUMBER_OBJECT_CONVERSION = YES_AGGRESSIVE;
				CLANG_CXX_LANGUAGE_STANDARD = "gnu++20";
				CLANG_ENABLE_MODULES = YES;
				CLANG_ENABLE_OBJC_ARC = YES;
				CLANG_ENABLE_OBJC_WEAK = YES;
				CLANG_WARN_BLOCK_CAPTURE_AUTORELEASING = YES;
				CLANG_WARN_BOOL_CONVERSION = YES;
				CLANG_WARN_COMMA = YES;
				CLANG_WARN_CONSTANT_CONVERSION = YES;
				CLANG_WARN_DEPRECATED_OBJC_IMPLEMENTATIONS = YES;
				CLANG_WARN_DIRECT_OBJC_ISA_USAGE = YES_ERROR;
				CLANG_WARN_DOCUMENTATION_COMMENTS = YES;
				CLANG_WARN_EMPTY_BODY = YES;
				CLANG_WARN_ENUM_CONVERSION = YES;
				CLANG_WARN_INFINITE_RECURSION = YES;
				CLANG_WARN_INT_CONVERSION = YES;
				CLANG_WARN_NON_LITERAL_NULL_CONVERSION = YES;
				CLANG_WARN_OBJC_IMPLICIT_RETAIN_SELF = YES;
				CLANG_WARN_OBJC_LITERAL_CONVERSION = YES;
				CLANG_WARN_OBJC_ROOT_CLASS = YES_ERROR;
				CLANG_WARN_QUOTED_INCLUDE_IN_FRAMEWORK_HEADER = YES;
				CLANG_WARN_RANGE_LOOP_ANALYSIS = YES;
				CLANG_WARN_STRICT_PROTOTYPES = YES;
				CLANG_WARN_SUSPICIOUS_MOVE = YES;
				CLANG_WARN_UNGUARDED_AVAILABILITY = YES_AGGRESSIVE;
				CLANG_WARN_UNREACHABLE_CODE = YES;
				CLANG_WARN__DUPLICATE_METHOD_MATCH = YES;
				COPY_PHASE_STRIP = NO;
				DEBUG_INFORMATION_FORMAT = "dwarf-with-dsym";
				ENABLE_NS_ASSERTIONS = NO;
				ENABLE_STRICT_OBJC_MSGSEND = YES;
				ENABLE_USER_SCRIPT_SANDBOXING = YES;
				GCC_C_LANGUAGE_STANDARD = gnu17;
				GCC_NO_COMMON_BLOCKS = YES;
				GCC_WARN_64_TO_32_BIT_CONVERSION = YES;
				GCC_WARN_ABOUT_RETURN_TYPE = YES_ERROR;
				GCC_WARN_UNDECLARED_SELECTOR = YES;
				GCC_WARN_UNINITIALIZED_AUTOS = YES_AGGRESSIVE;
				GCC_WARN_UNUSED_FUNCTION = YES;
				GCC_WARN_UNUSED_VARIABLE = YES;
				IPHONEOS_DEPLOYMENT_TARGET = 17.2;
				LOCALIZATION_PREFERS_STRING_CATALOGS = YES;
				MTL_ENABLE_DEBUG_INFO = NO;
				MTL_FAST_MATH = YES;
				SDKROOT = iphoneos;
				SWIFT_COMPILATION_MODE = wholemodule;
				VALIDATE_PRODUCT = YES;
			};
			name = Release;
		};
		FD51C7342B6FCD73001F9E06 /* Debug */ = {
			isa = XCBuildConfiguration;
			buildSettings = {
				ASSETCATALOG_COMPILER_APPICON_NAME = AppIcon;
				ASSETCATALOG_COMPILER_GLOBAL_ACCENT_COLOR_NAME = AccentColor;
				CODE_SIGN_STYLE = Automatic;
				CURRENT_PROJECT_VERSION = 1;
				DEVELOPMENT_TEAM = R7H3JJ2544;
				GENERATE_INFOPLIST_FILE = YES;
				INFOPLIST_FILE = NestedCollectionView/Info.plist;
				INFOPLIST_KEY_UIApplicationSupportsIndirectInputEvents = YES;
				INFOPLIST_KEY_UILaunchStoryboardName = LaunchScreen;
				INFOPLIST_KEY_UIMainStoryboardFile = Main;
				INFOPLIST_KEY_UISupportedInterfaceOrientations_iPad = "UIInterfaceOrientationPortrait UIInterfaceOrientationPortraitUpsideDown UIInterfaceOrientationLandscapeLeft UIInterfaceOrientationLandscapeRight";
				INFOPLIST_KEY_UISupportedInterfaceOrientations_iPhone = "UIInterfaceOrientationPortrait UIInterfaceOrientationLandscapeLeft UIInterfaceOrientationLandscapeRight";
				LD_RUNPATH_SEARCH_PATHS = (
					"$(inherited)",
					"@executable_path/Frameworks",
				);
				MARKETING_VERSION = 1.0;
				PRODUCT_BUNDLE_IDENTIFIER = none.NestedCollectionView;
				PRODUCT_NAME = "$(TARGET_NAME)";
				SWIFT_EMIT_LOC_STRINGS = YES;
				SWIFT_VERSION = 5.0;
				TARGETED_DEVICE_FAMILY = "1,2";
			};
			name = Debug;
		};
		FD51C7352B6FCD73001F9E06 /* Release */ = {
			isa = XCBuildConfiguration;
			buildSettings = {
				ASSETCATALOG_COMPILER_APPICON_NAME = AppIcon;
				ASSETCATALOG_COMPILER_GLOBAL_ACCENT_COLOR_NAME = AccentColor;
				CODE_SIGN_STYLE = Automatic;
				CURRENT_PROJECT_VERSION = 1;
				DEVELOPMENT_TEAM = R7H3JJ2544;
				GENERATE_INFOPLIST_FILE = YES;
				INFOPLIST_FILE = NestedCollectionView/Info.plist;
				INFOPLIST_KEY_UIApplicationSupportsIndirectInputEvents = YES;
				INFOPLIST_KEY_UILaunchStoryboardName = LaunchScreen;
				INFOPLIST_KEY_UIMainStoryboardFile = Main;
				INFOPLIST_KEY_UISupportedInterfaceOrientations_iPad = "UIInterfaceOrientationPortrait UIInterfaceOrientationPortraitUpsideDown UIInterfaceOrientationLandscapeLeft UIInterfaceOrientationLandscapeRight";
				INFOPLIST_KEY_UISupportedInterfaceOrientations_iPhone = "UIInterfaceOrientationPortrait UIInterfaceOrientationLandscapeLeft UIInterfaceOrientationLandscapeRight";
				LD_RUNPATH_SEARCH_PATHS = (
					"$(inherited)",
					"@executable_path/Frameworks",
				);
				MARKETING_VERSION = 1.0;
				PRODUCT_BUNDLE_IDENTIFIER = none.NestedCollectionView;
				PRODUCT_NAME = "$(TARGET_NAME)";
				SWIFT_EMIT_LOC_STRINGS = YES;
				SWIFT_VERSION = 5.0;
				TARGETED_DEVICE_FAMILY = "1,2";
			};
			name = Release;
		};
/* End XCBuildConfiguration section */

/* Begin XCConfigurationList section */
		FD51C71A2B6FCD72001F9E06 /* Build configuration list for PBXProject "NestedCollectionView" */ = {
			isa = XCConfigurationList;
			buildConfigurations = (
				FD51C7312B6FCD73001F9E06 /* Debug */,
				FD51C7322B6FCD73001F9E06 /* Release */,
			);
			defaultConfigurationIsVisible = 0;
			defaultConfigurationName = Release;
		};
		FD51C7332B6FCD73001F9E06 /* Build configuration list for PBXNativeTarget "NestedCollectionView" */ = {
			isa = XCConfigurationList;
			buildConfigurations = (
				FD51C7342B6FCD73001F9E06 /* Debug */,
				FD51C7352B6FCD73001F9E06 /* Release */,
			);
			defaultConfigurationIsVisible = 0;
			defaultConfigurationName = Release;
		};
/* End XCConfigurationList section */
	};
	rootObject = FD51C7172B6FCD72001F9E06 /* Project object */;
}
